{"1.2.0",
[{<<"crc32cer">>,{pkg,<<"crc32cer">>,<<"0.1.8">>},1},
 {<<"sasl_auth">>,{pkg,<<"sasl_auth">>,<<"2.0.0-rc1">>},0}]}.
[
{pkg_hash,[
 {<<"crc32cer">>, <<"C6C2275C5FB60A95F4935D414F30B50EE9CFED494081C9B36EBB02EDFC2F48DB">>},
 {<<"sasl_auth">>, <<"6285C6C353B410025D6330E65D3F1FB8C6C99DE67A65203A8A2E0727CA16B3EF">>}]},
{pkg_hash_ext,[
 {<<"crc32cer">>, <<"251499085482920DEB6C9B7AADABF9FB4C432F96ADD97AB42AEE4501E5B6F591">>},
 {<<"sasl_auth">>, <<"713A1B3147B9927D1D9854388227D37CE55745FF880CEB9A517949CA5FB9C7A2">>}]}
].
